// !$*UTF8*$!
{
	archiveVersion = 1;
	classes = {
	};
	objectVersion = 48;
	objects = {

/* Begin PBXBuildFile section */
		381B65371FBB798E009A1341 /* UndoTransferDelegate.swift in Sources */ = {isa = PBXBuildFile; fileRef = 381B65361FBB798E009A1341 /* UndoTransferDelegate.swift */; };
		381B65391FBB7FC7009A1341 /* UndoStatus.swift in Sources */ = {isa = PBXBuildFile; fileRef = 381B65381FBB7FC7009A1341 /* UndoStatus.swift */; };
		381B653C1FBB804F009A1341 /* Togglable.swift in Sources */ = {isa = PBXBuildFile; fileRef = 381B653B1FBB804F009A1341 /* Togglable.swift */; };
		384F8F5A1FA1E24A000EA733 /* AppDelegate.swift in Sources */ = {isa = PBXBuildFile; fileRef = 384F8F591FA1E24A000EA733 /* AppDelegate.swift */; };
		384F8F5F1FA1E24A000EA733 /* Main.storyboard in Resources */ = {isa = PBXBuildFile; fileRef = 384F8F5D1FA1E24A000EA733 /* Main.storyboard */; };
		384F8F621FA1E24A000EA733 /* GoalPost.xcdatamodeld in Sources */ = {isa = PBXBuildFile; fileRef = 384F8F601FA1E24A000EA733 /* GoalPost.xcdatamodeld */; };
		384F8F641FA1E24A000EA733 /* Assets.xcassets in Resources */ = {isa = PBXBuildFile; fileRef = 384F8F631FA1E24A000EA733 /* Assets.xcassets */; };
		384F8F671FA1E24A000EA733 /* LaunchScreen.storyboard in Resources */ = {isa = PBXBuildFile; fileRef = 384F8F651FA1E24A000EA733 /* LaunchScreen.storyboard */; };
		384F8F731FA1E465000EA733 /* GoalsVC.swift in Sources */ = {isa = PBXBuildFile; fileRef = 384F8F721FA1E465000EA733 /* GoalsVC.swift */; };
		384F8F751FA1E5CC000EA733 /* GoalCell.swift in Sources */ = {isa = PBXBuildFile; fileRef = 384F8F741FA1E5CC000EA733 /* GoalCell.swift */; };
		384F8F771FA1E817000EA733 /* GoalType.swift in Sources */ = {isa = PBXBuildFile; fileRef = 384F8F761FA1E817000EA733 /* GoalType.swift */; };
		384F8F791FA1E97F000EA733 /* CreateGoalVC.swift in Sources */ = {isa = PBXBuildFile; fileRef = 384F8F781FA1E97F000EA733 /* CreateGoalVC.swift */; };
		384F8F7D1FA1EACE000EA733 /* UIViewControllerExt.swift in Sources */ = {isa = PBXBuildFile; fileRef = 384F8F7A1FA1EACE000EA733 /* UIViewControllerExt.swift */; };
		384F8F7E1FA1EACE000EA733 /* UIViewExt.swift in Sources */ = {isa = PBXBuildFile; fileRef = 384F8F7B1FA1EACE000EA733 /* UIViewExt.swift */; };
		384F8F7F1FA1EACE000EA733 /* UIButtonExt.swift in Sources */ = {isa = PBXBuildFile; fileRef = 384F8F7C1FA1EACE000EA733 /* UIButtonExt.swift */; };
		384F8F811FA1EB72000EA733 /* FinishGoalVC.swift in Sources */ = {isa = PBXBuildFile; fileRef = 384F8F801FA1EB72000EA733 /* FinishGoalVC.swift */; };
		38D23B4E1FA9145C00C9F2DA /* addGoal@3x.png in Resources */ = {isa = PBXBuildFile; fileRef = 38D23B4D1FA9145C00C9F2DA /* addGoal@3x.png */; };
/* End PBXBuildFile section */

/* Begin PBXFileReference section */
		381B65361FBB798E009A1341 /* UndoTransferDelegate.swift */ = {isa = PBXFileReference; lastKnownFileType = sourcecode.swift; path = UndoTransferDelegate.swift; sourceTree = "<group>"; };
		381B65381FBB7FC7009A1341 /* UndoStatus.swift */ = {isa = PBXFileReference; lastKnownFileType = sourcecode.swift; path = UndoStatus.swift; sourceTree = "<group>"; };
		381B653B1FBB804F009A1341 /* Togglable.swift */ = {isa = PBXFileReference; lastKnownFileType = sourcecode.swift; path = Togglable.swift; sourceTree = "<group>"; };
		381D28E91FBA4AF300836667 /* GoalPost 3.xcdatamodel */ = {isa = PBXFileReference; lastKnownFileType = wrapper.xcdatamodel; path = "GoalPost 3.xcdatamodel"; sourceTree = "<group>"; };
		381D28EA1FBA548700836667 /* GoalPost 4.xcdatamodel */ = {isa = PBXFileReference; lastKnownFileType = wrapper.xcdatamodel; path = "GoalPost 4.xcdatamodel"; sourceTree = "<group>"; };
		384F8F561FA1E24A000EA733 /* GoalPost.app */ = {isa = PBXFileReference; explicitFileType = wrapper.application; includeInIndex = 0; path = GoalPost.app; sourceTree = BUILT_PRODUCTS_DIR; };
		384F8F591FA1E24A000EA733 /* AppDelegate.swift */ = {isa = PBXFileReference; lastKnownFileType = sourcecode.swift; path = AppDelegate.swift; sourceTree = "<group>"; };
		384F8F5E1FA1E24A000EA733 /* Base */ = {isa = PBXFileReference; lastKnownFileType = file.storyboard; name = Base; path = Base.lproj/Main.storyboard; sourceTree = "<group>"; };
		384F8F611FA1E24A000EA733 /* GoalPost.xcdatamodel */ = {isa = PBXFileReference; lastKnownFileType = wrapper.xcdatamodel; path = GoalPost.xcdatamodel; sourceTree = "<group>"; };
		384F8F631FA1E24A000EA733 /* Assets.xcassets */ = {isa = PBXFileReference; lastKnownFileType = folder.assetcatalog; path = Assets.xcassets; sourceTree = "<group>"; };
		384F8F661FA1E24A000EA733 /* Base */ = {isa = PBXFileReference; lastKnownFileType = file.storyboard; name = Base; path = Base.lproj/LaunchScreen.storyboard; sourceTree = "<group>"; };
		384F8F681FA1E24A000EA733 /* Info.plist */ = {isa = PBXFileReference; lastKnownFileType = text.plist.xml; path = Info.plist; sourceTree = "<group>"; };
		384F8F721FA1E465000EA733 /* GoalsVC.swift */ = {isa = PBXFileReference; lastKnownFileType = sourcecode.swift; path = GoalsVC.swift; sourceTree = "<group>"; };
		384F8F741FA1E5CC000EA733 /* GoalCell.swift */ = {isa = PBXFileReference; lastKnownFileType = sourcecode.swift; path = GoalCell.swift; sourceTree = "<group>"; };
		384F8F761FA1E817000EA733 /* GoalType.swift */ = {isa = PBXFileReference; lastKnownFileType = sourcecode.swift; path = GoalType.swift; sourceTree = "<group>"; };
		384F8F781FA1E97F000EA733 /* CreateGoalVC.swift */ = {isa = PBXFileReference; lastKnownFileType = sourcecode.swift; path = CreateGoalVC.swift; sourceTree = "<group>"; };
		384F8F7A1FA1EACE000EA733 /* UIViewControllerExt.swift */ = {isa = PBXFileReference; fileEncoding = 4; lastKnownFileType = sourcecode.swift; path = UIViewControllerExt.swift; sourceTree = "<group>"; };
		384F8F7B1FA1EACE000EA733 /* UIViewExt.swift */ = {isa = PBXFileReference; fileEncoding = 4; lastKnownFileType = sourcecode.swift; path = UIViewExt.swift; sourceTree = "<group>"; };
		384F8F7C1FA1EACE000EA733 /* UIButtonExt.swift */ = {isa = PBXFileReference; fileEncoding = 4; lastKnownFileType = sourcecode.swift; path = UIButtonExt.swift; sourceTree = "<group>"; };
		384F8F801FA1EB72000EA733 /* FinishGoalVC.swift */ = {isa = PBXFileReference; lastKnownFileType = sourcecode.swift; path = FinishGoalVC.swift; sourceTree = "<group>"; };
		38D23B4D1FA9145C00C9F2DA /* addGoal@3x.png */ = {isa = PBXFileReference; lastKnownFileType = image.png; path = "addGoal@3x.png"; sourceTree = "<group>"; };
/* End PBXFileReference section */

/* Begin PBXFrameworksBuildPhase section */
		384F8F531FA1E24A000EA733 /* Frameworks */ = {
			isa = PBXFrameworksBuildPhase;
			buildActionMask = 2147483647;
			files = (
			);
			runOnlyForDeploymentPostprocessing = 0;
		};
/* End PBXFrameworksBuildPhase section */

/* Begin PBXGroup section */
		381B653A1FBB800E009A1341 /* Protocols */ = {
			isa = PBXGroup;
			children = (
				381B65361FBB798E009A1341 /* UndoTransferDelegate.swift */,
				381B653B1FBB804F009A1341 /* Togglable.swift */,
			);
			path = Protocols;
			sourceTree = "<group>";
		};
		384F8F4D1FA1E249000EA733 = {
			isa = PBXGroup;
			children = (
				384F8F581FA1E24A000EA733 /* GoalPost */,
				384F8F571FA1E24A000EA733 /* Products */,
			);
			sourceTree = "<group>";
		};
		384F8F571FA1E24A000EA733 /* Products */ = {
			isa = PBXGroup;
			children = (
				384F8F561FA1E24A000EA733 /* GoalPost.app */,
			);
			name = Products;
			sourceTree = "<group>";
		};
		384F8F581FA1E24A000EA733 /* GoalPost */ = {
			isa = PBXGroup;
			children = (
				381B653A1FBB800E009A1341 /* Protocols */,
				384F8F711FA1E322000EA733 /* Enum */,
				384F8F701FA1E312000EA733 /* Extensions */,
				384F8F6F1FA1E2FE000EA733 /* View */,
				384F8F6E1FA1E2C8000EA733 /* Controllers */,
				384F8F591FA1E24A000EA733 /* AppDelegate.swift */,
				384F8F5D1FA1E24A000EA733 /* Main.storyboard */,
				384F8F631FA1E24A000EA733 /* Assets.xcassets */,
				384F8F651FA1E24A000EA733 /* LaunchScreen.storyboard */,
				38D23B4D1FA9145C00C9F2DA /* addGoal@3x.png */,
				384F8F681FA1E24A000EA733 /* Info.plist */,
				384F8F601FA1E24A000EA733 /* GoalPost.xcdatamodeld */,
			);
			path = GoalPost;
			sourceTree = "<group>";
		};
		384F8F6E1FA1E2C8000EA733 /* Controllers */ = {
			isa = PBXGroup;
			children = (
				384F8F721FA1E465000EA733 /* GoalsVC.swift */,
				384F8F781FA1E97F000EA733 /* CreateGoalVC.swift */,
				384F8F801FA1EB72000EA733 /* FinishGoalVC.swift */,
			);
			path = Controllers;
			sourceTree = "<group>";
		};
		384F8F6F1FA1E2FE000EA733 /* View */ = {
			isa = PBXGroup;
			children = (
				384F8F741FA1E5CC000EA733 /* GoalCell.swift */,
			);
			path = View;
			sourceTree = "<group>";
		};
		384F8F701FA1E312000EA733 /* Extensions */ = {
			isa = PBXGroup;
			children = (
				384F8F7C1FA1EACE000EA733 /* UIButtonExt.swift */,
				384F8F7A1FA1EACE000EA733 /* UIViewControllerExt.swift */,
				384F8F7B1FA1EACE000EA733 /* UIViewExt.swift */,
			);
			path = Extensions;
			sourceTree = "<group>";
		};
		384F8F711FA1E322000EA733 /* Enum */ = {
			isa = PBXGroup;
			children = (
				384F8F761FA1E817000EA733 /* GoalType.swift */,
				381B65381FBB7FC7009A1341 /* UndoStatus.swift */,
			);
			path = Enum;
			sourceTree = "<group>";
		};
/* End PBXGroup section */

/* Begin PBXNativeTarget section */
		384F8F551FA1E24A000EA733 /* GoalPost */ = {
			isa = PBXNativeTarget;
			buildConfigurationList = 384F8F6B1FA1E24A000EA733 /* Build configuration list for PBXNativeTarget "GoalPost" */;
			buildPhases = (
				384F8F521FA1E24A000EA733 /* Sources */,
				384F8F531FA1E24A000EA733 /* Frameworks */,
				384F8F541FA1E24A000EA733 /* Resources */,
			);
			buildRules = (
			);
			dependencies = (
			);
			name = GoalPost;
			productName = GoalPost;
			productReference = 384F8F561FA1E24A000EA733 /* GoalPost.app */;
			productType = "com.apple.product-type.application";
		};
/* End PBXNativeTarget section */

/* Begin PBXProject section */
		384F8F4E1FA1E249000EA733 /* Project object */ = {
			isa = PBXProject;
			attributes = {
				LastSwiftUpdateCheck = 0900;
				LastUpgradeCheck = 0900;
				ORGANIZATIONNAME = udemy;
				TargetAttributes = {
					384F8F551FA1E24A000EA733 = {
						CreatedOnToolsVersion = 9.0.1;
						ProvisioningStyle = Automatic;
					};
				};
			};
			buildConfigurationList = 384F8F511FA1E249000EA733 /* Build configuration list for PBXProject "GoalPost" */;
			compatibilityVersion = "Xcode 8.0";
			developmentRegion = en;
			hasScannedForEncodings = 0;
			knownRegions = (
				en,
				Base,
			);
			mainGroup = 384F8F4D1FA1E249000EA733;
			productRefGroup = 384F8F571FA1E24A000EA733 /* Products */;
			projectDirPath = "";
			projectRoot = "";
			targets = (
				384F8F551FA1E24A000EA733 /* GoalPost */,
			);
		};
/* End PBXProject section */

/* Begin PBXResourcesBuildPhase section */
		384F8F541FA1E24A000EA733 /* Resources */ = {
			isa = PBXResourcesBuildPhase;
			buildActionMask = 2147483647;
			files = (
				38D23B4E1FA9145C00C9F2DA /* addGoal@3x.png in Resources */,
				384F8F671FA1E24A000EA733 /* LaunchScreen.storyboard in Resources */,
				384F8F641FA1E24A000EA733 /* Assets.xcassets in Resources */,
				384F8F5F1FA1E24A000EA733 /* Main.storyboard in Resources */,
			);
			runOnlyForDeploymentPostprocessing = 0;
		};
/* End PBXResourcesBuildPhase section */

/* Begin PBXSourcesBuildPhase section */
		384F8F521FA1E24A000EA733 /* Sources */ = {
			isa = PBXSourcesBuildPhase;
			buildActionMask = 2147483647;
			files = (
				384F8F751FA1E5CC000EA733 /* GoalCell.swift in Sources */,
				384F8F791FA1E97F000EA733 /* CreateGoalVC.swift in Sources */,
				384F8F771FA1E817000EA733 /* GoalType.swift in Sources */,
				384F8F731FA1E465000EA733 /* GoalsVC.swift in Sources */,
				381B653C1FBB804F009A1341 /* Togglable.swift in Sources */,
				384F8F7E1FA1EACE000EA733 /* UIViewExt.swift in Sources */,
				384F8F5A1FA1E24A000EA733 /* AppDelegate.swift in Sources */,
				384F8F7D1FA1EACE000EA733 /* UIViewControllerExt.swift in Sources */,
				384F8F7F1FA1EACE000EA733 /* UIButtonExt.swift in Sources */,
				381B65371FBB798E009A1341 /* UndoTransferDelegate.swift in Sources */,
				381B65391FBB7FC7009A1341 /* UndoStatus.swift in Sources */,
				384F8F811FA1EB72000EA733 /* FinishGoalVC.swift in Sources */,
				384F8F621FA1E24A000EA733 /* GoalPost.xcdatamodeld in Sources */,
			);
			runOnlyForDeploymentPostprocessing = 0;
		};
/* End PBXSourcesBuildPhase section */

/* Begin PBXVariantGroup section */
		384F8F5D1FA1E24A000EA733 /* Main.storyboard */ = {
			isa = PBXVariantGroup;
			children = (
				384F8F5E1FA1E24A000EA733 /* Base */,
			);
			name = Main.storyboard;
			sourceTree = "<group>";
		};
		384F8F651FA1E24A000EA733 /* LaunchScreen.storyboard */ = {
			isa = PBXVariantGroup;
			children = (
				384F8F661FA1E24A000EA733 /* Base */,
			);
			name = LaunchScreen.storyboard;
			sourceTree = "<group>";
		};
/* End PBXVariantGroup section */

/* Begin XCBuildConfiguration section */
		384F8F691FA1E24A000EA733 /* Debug */ = {
			isa = XCBuildConfiguration;
			buildSettings = {
				ALWAYS_SEARCH_USER_PATHS = NO;
				CLANG_ANALYZER_NONNULL = YES;
				CLANG_ANALYZER_NUMBER_OBJECT_CONVERSION = YES_AGGRESSIVE;
				CLANG_CXX_LANGUAGE_STANDARD = "gnu++14";
				CLANG_CXX_LIBRARY = "libc++";
				CLANG_ENABLE_MODULES = YES;
				CLANG_ENABLE_OBJC_ARC = YES;
				CLANG_WARN_BLOCK_CAPTURE_AUTORELEASING = YES;
				CLANG_WARN_BOOL_CONVERSION = YES;
				CLANG_WARN_COMMA = YES;
				CLANG_WARN_CONSTANT_CONVERSION = YES;
				CLANG_WARN_DIRECT_OBJC_ISA_USAGE = YES_ERROR;
				CLANG_WARN_DOCUMENTATION_COMMENTS = YES;
				CLANG_WARN_EMPTY_BODY = YES;
				CLANG_WARN_ENUM_CONVERSION = YES;
				CLANG_WARN_INFINITE_RECURSION = YES;
				CLANG_WARN_INT_CONVERSION = YES;
				CLANG_WARN_NON_LITERAL_NULL_CONVERSION = YES;
				CLANG_WARN_OBJC_LITERAL_CONVERSION = YES;
				CLANG_WARN_OBJC_ROOT_CLASS = YES_ERROR;
				CLANG_WARN_RANGE_LOOP_ANALYSIS = YES;
				CLANG_WARN_STRICT_PROTOTYPES = YES;
				CLANG_WARN_SUSPICIOUS_MOVE = YES;
				CLANG_WARN_UNGUARDED_AVAILABILITY = YES_AGGRESSIVE;
				CLANG_WARN_UNREACHABLE_CODE = YES;
				CLANG_WARN__DUPLICATE_METHOD_MATCH = YES;
				CODE_SIGN_IDENTITY = "iPhone Developer";
				COPY_PHASE_STRIP = NO;
				DEBUG_INFORMATION_FORMAT = dwarf;
				ENABLE_STRICT_OBJC_MSGSEND = YES;
				ENABLE_TESTABILITY = YES;
				GCC_C_LANGUAGE_STANDARD = gnu11;
				GCC_DYNAMIC_NO_PIC = NO;
				GCC_NO_COMMON_BLOCKS = YES;
				GCC_OPTIMIZATION_LEVEL = 0;
				GCC_PREPROCESSOR_DEFINITIONS = (
					"DEBUG=1",
					"$(inherited)",
				);
				GCC_WARN_64_TO_32_BIT_CONVERSION = YES;
				GCC_WARN_ABOUT_RETURN_TYPE = YES_ERROR;
				GCC_WARN_UNDECLARED_SELECTOR = YES;
				GCC_WARN_UNINITIALIZED_AUTOS = YES_AGGRESSIVE;
				GCC_WARN_UNUSED_FUNCTION = YES;
				GCC_WARN_UNUSED_VARIABLE = YES;
				IPHONEOS_DEPLOYMENT_TARGET = 11.0;
				MTL_ENABLE_DEBUG_INFO = YES;
				ONLY_ACTIVE_ARCH = YES;
				SDKROOT = iphoneos;
				SWIFT_ACTIVE_COMPILATION_CONDITIONS = DEBUG;
				SWIFT_OPTIMIZATION_LEVEL = "-Onone";
			};
			name = Debug;
		};
		384F8F6A1FA1E24A000EA733 /* Release */ = {
			isa = XCBuildConfiguration;
			buildSettings = {
				ALWAYS_SEARCH_USER_PATHS = NO;
				CLANG_ANALYZER_NONNULL = YES;
				CLANG_ANALYZER_NUMBER_OBJECT_CONVERSION = YES_AGGRESSIVE;
				CLANG_CXX_LANGUAGE_STANDARD = "gnu++14";
				CLANG_CXX_LIBRARY = "libc++";
				CLANG_ENABLE_MODULES = YES;
				CLANG_ENABLE_OBJC_ARC = YES;
				CLANG_WARN_BLOCK_CAPTURE_AUTORELEASING = YES;
				CLANG_WARN_BOOL_CONVERSION = YES;
				CLANG_WARN_COMMA = YES;
				CLANG_WARN_CONSTANT_CONVERSION = YES;
				CLANG_WARN_DIRECT_OBJC_ISA_USAGE = YES_ERROR;
				CLANG_WARN_DOCUMENTATION_COMMENTS = YES;
				CLANG_WARN_EMPTY_BODY = YES;
				CLANG_WARN_ENUM_CONVERSION = YES;
				CLANG_WARN_INFINITE_RECURSION = YES;
				CLANG_WARN_INT_CONVERSION = YES;
				CLANG_WARN_NON_LITERAL_NULL_CONVERSION = YES;
				CLANG_WARN_OBJC_LITERAL_CONVERSION = YES;
				CLANG_WARN_OBJC_ROOT_CLASS = YES_ERROR;
				CLANG_WARN_RANGE_LOOP_ANALYSIS = YES;
				CLANG_WARN_STRICT_PROTOTYPES = YES;
				CLANG_WARN_SUSPICIOUS_MOVE = YES;
				CLANG_WARN_UNGUARDED_AVAILABILITY = YES_AGGRESSIVE;
				CLANG_WARN_UNREACHABLE_CODE = YES;
				CLANG_WARN__DUPLICATE_METHOD_MATCH = YES;
				CODE_SIGN_IDENTITY = "iPhone Developer";
				COPY_PHASE_STRIP = NO;
				DEBUG_INFORMATION_FORMAT = "dwarf-with-dsym";
				ENABLE_NS_ASSERTIONS = NO;
				ENABLE_STRICT_OBJC_MSGSEND = YES;
				GCC_C_LANGUAGE_STANDARD = gnu11;
				GCC_NO_COMMON_BLOCKS = YES;
				GCC_WARN_64_TO_32_BIT_CONVERSION = YES;
				GCC_WARN_ABOUT_RETURN_TYPE = YES_ERROR;
				GCC_WARN_UNDECLARED_SELECTOR = YES;
				GCC_WARN_UNINITIALIZED_AUTOS = YES_AGGRESSIVE;
				GCC_WARN_UNUSED_FUNCTION = YES;
				GCC_WARN_UNUSED_VARIABLE = YES;
				IPHONEOS_DEPLOYMENT_TARGET = 11.0;
				MTL_ENABLE_DEBUG_INFO = NO;
				SDKROOT = iphoneos;
				SWIFT_OPTIMIZATION_LEVEL = "-Owholemodule";
				VALIDATE_PRODUCT = YES;
			};
			name = Release;
		};
		384F8F6C1FA1E24A000EA733 /* Debug */ = {
			isa = XCBuildConfiguration;
			buildSettings = {
				ASSETCATALOG_COMPILER_APPICON_NAME = AppIcon;
				CODE_SIGN_STYLE = Automatic;
				INFOPLIST_FILE = GoalPost/Info.plist;
				LD_RUNPATH_SEARCH_PATHS = "$(inherited) @executable_path/Frameworks";
				PRODUCT_BUNDLE_IDENTIFIER = com.udemy.GoalPost;
				PRODUCT_NAME = "$(TARGET_NAME)";
				SWIFT_VERSION = 4.0;
				TARGETED_DEVICE_FAMILY = "1,2";
			};
			name = Debug;
		};
		384F8F6D1FA1E24A000EA733 /* Release */ = {
			isa = XCBuildConfiguration;
			buildSettings = {
				ASSETCATALOG_COMPILER_APPICON_NAME = AppIcon;
				CODE_SIGN_STYLE = Automatic;
				INFOPLIST_FILE = GoalPost/Info.plist;
				LD_RUNPATH_SEARCH_PATHS = "$(inherited) @executable_path/Frameworks";
				PRODUCT_BUNDLE_IDENTIFIER = com.udemy.GoalPost;
				PRODUCT_NAME = "$(TARGET_NAME)";
				SWIFT_VERSION = 4.0;
				TARGETED_DEVICE_FAMILY = "1,2";
			};
			name = Release;
		};
/* End XCBuildConfiguration section */

/* Begin XCConfigurationList section */
		384F8F511FA1E249000EA733 /* Build configuration list for PBXProject "GoalPost" */ = {
			isa = XCConfigurationList;
			buildConfigurations = (
				384F8F691FA1E24A000EA733 /* Debug */,
				384F8F6A1FA1E24A000EA733 /* Release */,
			);
			defaultConfigurationIsVisible = 0;
			defaultConfigurationName = Release;
		};
		384F8F6B1FA1E24A000EA733 /* Build configuration list for PBXNativeTarget "GoalPost" */ = {
			isa = XCConfigurationList;
			buildConfigurations = (
				384F8F6C1FA1E24A000EA733 /* Debug */,
				384F8F6D1FA1E24A000EA733 /* Release */,
			);
			defaultConfigurationIsVisible = 0;
			defaultConfigurationName = Release;
		};
/* End XCConfigurationList section */

/* Begin XCVersionGroup section */
		384F8F601FA1E24A000EA733 /* GoalPost.xcdatamodeld */ = {
			isa = XCVersionGroup;
			children = (
				381D28EA1FBA548700836667 /* GoalPost 4.xcdatamodel */,
				381D28E91FBA4AF300836667 /* GoalPost 3.xcdatamodel */,
				384F8F611FA1E24A000EA733 /* GoalPost.xcdatamodel */,
			);
			currentVersion = 381D28EA1FBA548700836667 /* GoalPost 4.xcdatamodel */;
			path = GoalPost.xcdatamodeld;
			sourceTree = "<group>";
			versionGroupType = wrapper.xcdatamodel;
		};
/* End XCVersionGroup section */
	};
	rootObject = 384F8F4E1FA1E249000EA733 /* Project object */;
}
